
Microsoft Visual Studio Solution File, Format Version 12.00
# Visual Studio Version 17
VisualStudioVersion = 17.3.32825.248
MinimumVisualStudioVersion = 10.0.40219.1
Project("{9A19103F-16F7-4668-BE54-9A1E7A4F7556}") = "Benchmarks", "Benchmarks\Benchmarks.csproj", "{3AC73355-456B-4871-B1B4-E8C4858FA90C}"
EndProject
Global
	GlobalSection(SolutionConfigurationPlatforms) = preSolution
		Debug|Any CPU = Debug|Any CPU
		Release|Any CPU = Release|Any CPU
	EndGlobalSection
	GlobalSection(ProjectConfigurationPlatforms) = postSolution
		{3AC73355-456B-4871-B1B4-E8C4858FA90C}.Debug|Any CPU.ActiveCfg = Debug|Any CPU
		{3AC73355-456B-4871-B1B4-E8C4858FA90C}.Debug|Any CPU.Build.0 = Debug|Any CPU
		{3AC73355-456B-4871-B1B4-E8C4858FA90C}.Release|Any CPU.ActiveCfg = Release|Any CPU
		{3AC73355-456B-4871-B1B4-E8C4858FA90C}.Release|Any CPU.Build.0 = Release|Any CPU
	EndGlobalSection
	GlobalSection(SolutionProperties) = preSolution
		HideSolutionNode = FALSE
	EndGlobalSection
	GlobalSection(ExtensibilityGlobals) = postSolution
		SolutionGuid = {83F31682-D0F3-4926-B144-53CE8EA15438}
	EndGlobalSection
EndGlobal
